
Microsoft Visual Studio Solution File, Format Version 12.00
# Visual Studio Version 17
VisualStudioVersion = 17.0.31903.59
MinimumVisualStudioVersion = 10.0.40219.1
Project("{2150E333-8FDC-42A3-9474-1A3956D46DE8}") = "src", "src", "{FF3C2BBF-667F-48AE-B3AD-B798EF2D6220}"
EndProject
Project("{2150E333-8FDC-42A3-9474-1A3956D46DE8}") = "backend", "backend", "{68971497-0F57-40B7-8976-E71DB4C0C9A3}"
EndProject
Project("{FAE04EC0-301F-11D3-BF4B-00C04F79EFBC}") = "Butler.Api", "src\backend\Butler.Api\Butler.Api.csproj", "{D59B4335-AD50-4861-B5AA-AAC61CC51A46}"
EndProject
Project("{FAE04EC0-301F-11D3-BF4B-00C04F79EFBC}") = "Butler.Api.Test", "src\backend\Butler.Api.Test\Butler.Api.Test.csproj", "{317336B9-6CAC-4FE8-9EDA-6F13E951061C}"
EndProject
Global
	GlobalSection(SolutionConfigurationPlatforms) = preSolution
		Debug|Any CPU = Debug|Any CPU
		Release|Any CPU = Release|Any CPU
	EndGlobalSection
	GlobalSection(SolutionProperties) = preSolution
		HideSolutionNode = FALSE
	EndGlobalSection
	GlobalSection(ProjectConfigurationPlatforms) = postSolution
		{D59B4335-AD50-4861-B5AA-AAC61CC51A46}.Debug|Any CPU.ActiveCfg = Debug|Any CPU
		{D59B4335-AD50-4861-B5AA-AAC61CC51A46}.Debug|Any CPU.Build.0 = Debug|Any CPU
		{D59B4335-AD50-4861-B5AA-AAC61CC51A46}.Release|Any CPU.ActiveCfg = Release|Any CPU
		{D59B4335-AD50-4861-B5AA-AAC61CC51A46}.Release|Any CPU.Build.0 = Release|Any CPU
		{317336B9-6CAC-4FE8-9EDA-6F13E951061C}.Debug|Any CPU.ActiveCfg = Debug|Any CPU
		{317336B9-6CAC-4FE8-9EDA-6F13E951061C}.Debug|Any CPU.Build.0 = Debug|Any CPU
		{317336B9-6CAC-4FE8-9EDA-6F13E951061C}.Release|Any CPU.ActiveCfg = Release|Any CPU
		{317336B9-6CAC-4FE8-9EDA-6F13E951061C}.Release|Any CPU.Build.0 = Release|Any CPU
	EndGlobalSection
	GlobalSection(NestedProjects) = preSolution
		{68971497-0F57-40B7-8976-E71DB4C0C9A3} = {FF3C2BBF-667F-48AE-B3AD-B798EF2D6220}
		{D59B4335-AD50-4861-B5AA-AAC61CC51A46} = {68971497-0F57-40B7-8976-E71DB4C0C9A3}
		{317336B9-6CAC-4FE8-9EDA-6F13E951061C} = {68971497-0F57-40B7-8976-E71DB4C0C9A3}
	EndGlobalSection
EndGlobal
